
Microsoft Visual Studio Solution File, Format Version 12.00
# Visual Studio Version 17
VisualStudioVersion = 17.9.34723.18
MinimumVisualStudioVersion = 10.0.40219.1
Project("{9A19103F-16F7-4668-BE54-9A1E7A4F7556}") = "FA.JustBlock.Core", "FA.JustBlock.Core\FA.JustBlock.Core.csproj", "{7CC7C68D-2AD9-4E5B-B7A9-07A55B1B96FA}"
EndProject
Project("{9A19103F-16F7-4668-BE54-9A1E7A4F7556}") = "FA.JustBlog.UnitTest", "FA.JustBlog.UnitTest\FA.JustBlog.UnitTest.csproj", "{01191762-F215-4F6B-9035-ACC61B010F1B}"
EndProject
Project("{FAE04EC0-301F-11D3-BF4B-00C04F79EFBC}") = "FA.JustBlog", "FA.JustBlog\FA.JustBlog.csproj", "{BBBBF43F-BA90-4BF2-A7F4-42BB19C4D40B}"
EndProject
Global
	GlobalSection(SolutionConfigurationPlatforms) = preSolution
		Debug|Any CPU = Debug|Any CPU
		Release|Any CPU = Release|Any CPU
	EndGlobalSection
	GlobalSection(ProjectConfigurationPlatforms) = postSolution
		{7CC7C68D-2AD9-4E5B-B7A9-07A55B1B96FA}.Debug|Any CPU.ActiveCfg = Debug|Any CPU
		{7CC7C68D-2AD9-4E5B-B7A9-07A55B1B96FA}.Debug|Any CPU.Build.0 = Debug|Any CPU
		{7CC7C68D-2AD9-4E5B-B7A9-07A55B1B96FA}.Release|Any CPU.ActiveCfg = Release|Any CPU
		{7CC7C68D-2AD9-4E5B-B7A9-07A55B1B96FA}.Release|Any CPU.Build.0 = Release|Any CPU
		{01191762-F215-4F6B-9035-ACC61B010F1B}.Debug|Any CPU.ActiveCfg = Debug|Any CPU
		{01191762-F215-4F6B-9035-ACC61B010F1B}.Debug|Any CPU.Build.0 = Debug|Any CPU
		{01191762-F215-4F6B-9035-ACC61B010F1B}.Release|Any CPU.ActiveCfg = Release|Any CPU
		{01191762-F215-4F6B-9035-ACC61B010F1B}.Release|Any CPU.Build.0 = Release|Any CPU
		{BBBBF43F-BA90-4BF2-A7F4-42BB19C4D40B}.Debug|Any CPU.ActiveCfg = Debug|Any CPU
		{BBBBF43F-BA90-4BF2-A7F4-42BB19C4D40B}.Debug|Any CPU.Build.0 = Debug|Any CPU
		{BBBBF43F-BA90-4BF2-A7F4-42BB19C4D40B}.Release|Any CPU.ActiveCfg = Release|Any CPU
		{BBBBF43F-BA90-4BF2-A7F4-42BB19C4D40B}.Release|Any CPU.Build.0 = Release|Any CPU
	EndGlobalSection
	GlobalSection(SolutionProperties) = preSolution
		HideSolutionNode = FALSE
	EndGlobalSection
	GlobalSection(ExtensibilityGlobals) = postSolution
		SolutionGuid = {D582AAC8-5104-4CE3-9B78-88BAB452007B}
	EndGlobalSection
EndGlobal
